// !$*UTF8*$!
{
	archiveVersion = 1;
	classes = {
	};
	objectVersion = 46;
	objects = {

/* Begin PBXBuildFile section */
		C2789D211B284C4A00C1792C /* AppDelegate.swift in Sources */ = {isa = PBXBuildFile; fileRef = C2789D201B284C4A00C1792C /* AppDelegate.swift */; };
		C2789D231B284C4A00C1792C /* ViewController.swift in Sources */ = {isa = PBXBuildFile; fileRef = C2789D221B284C4A00C1792C /* ViewController.swift */; };
		C2789D261B284C4A00C1792C /* Main.storyboard in Resources */ = {isa = PBXBuildFile; fileRef = C2789D241B284C4A00C1792C /* Main.storyboard */; };
		C2789D281B284C4A00C1792C /* Images.xcassets in Resources */ = {isa = PBXBuildFile; fileRef = C2789D271B284C4A00C1792C /* Images.xcassets */; };
		C2789D2B1B284C4A00C1792C /* LaunchScreen.xib in Resources */ = {isa = PBXBuildFile; fileRef = C2789D291B284C4A00C1792C /* LaunchScreen.xib */; };
		C2789D371B284C4A00C1792C /* BeginTests.swift in Sources */ = {isa = PBXBuildFile; fileRef = C2789D361B284C4A00C1792C /* BeginTests.swift */; };
/* End PBXBuildFile section */

/* Begin PBXContainerItemProxy section */
		C2789D311B284C4A00C1792C /* PBXContainerItemProxy */ = {
			isa = PBXContainerItemProxy;
			containerPortal = C2789D131B284C4A00C1792C /* Project object */;
			proxyType = 1;
			remoteGlobalIDString = C2789D1A1B284C4A00C1792C;
			remoteInfo = Begin;
		};
/* End PBXContainerItemProxy section */

/* Begin PBXFileReference section */
		C2789D1B1B284C4A00C1792C /* Begin.app */ = {isa = PBXFileReference; explicitFileType = wrapper.application; includeInIndex = 0; path = Begin.app; sourceTree = BUILT_PRODUCTS_DIR; };
		C2789D1F1B284C4A00C1792C /* Info.plist */ = {isa = PBXFileReference; lastKnownFileType = text.plist.xml; path = Info.plist; sourceTree = "<group>"; };
		C2789D201B284C4A00C1792C /* AppDelegate.swift */ = {isa = PBXFileReference; lastKnownFileType = sourcecode.swift; path = AppDelegate.swift; sourceTree = "<group>"; };
		C2789D221B284C4A00C1792C /* ViewController.swift */ = {isa = PBXFileReference; lastKnownFileType = sourcecode.swift; path = ViewController.swift; sourceTree = "<group>"; };
		C2789D251B284C4A00C1792C /* Base */ = {isa = PBXFileReference; lastKnownFileType = file.storyboard; name = Base; path = Base.lproj/Main.storyboard; sourceTree = "<group>"; };
		C2789D271B284C4A00C1792C /* Images.xcassets */ = {isa = PBXFileReference; lastKnownFileType = folder.assetcatalog; path = Images.xcassets; sourceTree = "<group>"; };
		C2789D2A1B284C4A00C1792C /* Base */ = {isa = PBXFileReference; lastKnownFileType = file.xib; name = Base; path = Base.lproj/LaunchScreen.xib; sourceTree = "<group>"; };
		C2789D301B284C4A00C1792C /* BeginTests.xctest */ = {isa = PBXFileReference; explicitFileType = wrapper.cfbundle; includeInIndex = 0; path = BeginTests.xctest; sourceTree = BUILT_PRODUCTS_DIR; };
		C2789D351B284C4A00C1792C /* Info.plist */ = {isa = PBXFileReference; lastKnownFileType = text.plist.xml; path = Info.plist; sourceTree = "<group>"; };
		C2789D361B284C4A00C1792C /* BeginTests.swift */ = {isa = PBXFileReference; lastKnownFileType = sourcecode.swift; path = BeginTests.swift; sourceTree = "<group>"; };
/* End PBXFileReference section */

/* Begin PBXFrameworksBuildPhase section */
		C2789D181B284C4A00C1792C /* Frameworks */ = {
			isa = PBXFrameworksBuildPhase;
			buildActionMask = 2147483647;
			files = (
			);
			runOnlyForDeploymentPostprocessing = 0;
		};
		C2789D2D1B284C4A00C1792C /* Frameworks */ = {
			isa = PBXFrameworksBuildPhase;
			buildActionMask = 2147483647;
			files = (
			);
			runOnlyForDeploymentPostprocessing = 0;
		};
/* End PBXFrameworksBuildPhase section */

/* Begin PBXGroup section */
		C2789D121B284C4A00C1792C = {
			isa = PBXGroup;
			children = (
				C2789D1D1B284C4A00C1792C /* Begin */,
				C2789D331B284C4A00C1792C /* BeginTests */,
				C2789D1C1B284C4A00C1792C /* Products */,
			);
			sourceTree = "<group>";
		};
		C2789D1C1B284C4A00C1792C /* Products */ = {
			isa = PBXGroup;
			children = (
				C2789D1B1B284C4A00C1792C /* Begin.app */,
				C2789D301B284C4A00C1792C /* BeginTests.xctest */,
			);
			name = Products;
			sourceTree = "<group>";
		};
		C2789D1D1B284C4A00C1792C /* Begin */ = {
			isa = PBXGroup;
			children = (
				C2789D201B284C4A00C1792C /* AppDelegate.swift */,
				C2789D221B284C4A00C1792C /* ViewController.swift */,
				C2789D241B284C4A00C1792C /* Main.storyboard */,
				C2789D271B284C4A00C1792C /* Images.xcassets */,
				C2789D291B284C4A00C1792C /* LaunchScreen.xib */,
				C2789D1E1B284C4A00C1792C /* Supporting Files */,
			);
			path = Begin;
			sourceTree = "<group>";
		};
		C2789D1E1B284C4A00C1792C /* Supporting Files */ = {
			isa = PBXGroup;
			children = (
				C2789D1F1B284C4A00C1792C /* Info.plist */,
			);
			name = "Supporting Files";
			sourceTree = "<group>";
		};
		C2789D331B284C4A00C1792C /* BeginTests */ = {
			isa = PBXGroup;
			children = (
				C2789D361B284C4A00C1792C /* BeginTests.swift */,
				C2789D341B284C4A00C1792C /* Supporting Files */,
			);
			path = BeginTests;
			sourceTree = "<group>";
		};
		C2789D341B284C4A00C1792C /* Supporting Files */ = {
			isa = PBXGroup;
			children = (
				C2789D351B284C4A00C1792C /* Info.plist */,
			);
			name = "Supporting Files";
			sourceTree = "<group>";
		};
/* End PBXGroup section */

/* Begin PBXNativeTarget section */
		C2789D1A1B284C4A00C1792C /* Begin */ = {
			isa = PBXNativeTarget;
			buildConfigurationList = C2789D3A1B284C4A00C1792C /* Build configuration list for PBXNativeTarget "Begin" */;
			buildPhases = (
				C2789D171B284C4A00C1792C /* Sources */,
				C2789D181B284C4A00C1792C /* Frameworks */,
				C2789D191B284C4A00C1792C /* Resources */,
			);
			buildRules = (
			);
			dependencies = (
			);
			name = Begin;
			productName = Begin;
			productReference = C2789D1B1B284C4A00C1792C /* Begin.app */;
			productType = "com.apple.product-type.application";
		};
		C2789D2F1B284C4A00C1792C /* BeginTests */ = {
			isa = PBXNativeTarget;
			buildConfigurationList = C2789D3D1B284C4A00C1792C /* Build configuration list for PBXNativeTarget "BeginTests" */;
			buildPhases = (
				C2789D2C1B284C4A00C1792C /* Sources */,
				C2789D2D1B284C4A00C1792C /* Frameworks */,
				C2789D2E1B284C4A00C1792C /* Resources */,
			);
			buildRules = (
			);
			dependencies = (
				C2789D321B284C4A00C1792C /* PBXTargetDependency */,
			);
			name = BeginTests;
			productName = BeginTests;
			productReference = C2789D301B284C4A00C1792C /* BeginTests.xctest */;
			productType = "com.apple.product-type.bundle.unit-test";
		};
/* End PBXNativeTarget section */

/* Begin PBXProject section */
		C2789D131B284C4A00C1792C /* Project object */ = {
			isa = PBXProject;
			attributes = {
				LastSwiftUpdateCheck = 0700;
				LastUpgradeCheck = 0630;
				ORGANIZATIONNAME = "Mark Ran";
				TargetAttributes = {
					C2789D1A1B284C4A00C1792C = {
						CreatedOnToolsVersion = 6.3.2;
					};
					C2789D2F1B284C4A00C1792C = {
						CreatedOnToolsVersion = 6.3.2;
						TestTargetID = C2789D1A1B284C4A00C1792C;
					};
				};
			};
			buildConfigurationList = C2789D161B284C4A00C1792C /* Build configuration list for PBXProject "Begin" */;
			compatibilityVersion = "Xcode 3.2";
			developmentRegion = English;
			hasScannedForEncodings = 0;
			knownRegions = (
				en,
				Base,
			);
			mainGroup = C2789D121B284C4A00C1792C;
			productRefGroup = C2789D1C1B284C4A00C1792C /* Products */;
			projectDirPath = "";
			projectRoot = "";
			targets = (
				C2789D1A1B284C4A00C1792C /* Begin */,
				C2789D2F1B284C4A00C1792C /* BeginTests */,
			);
		};
/* End PBXProject section */

/* Begin PBXResourcesBuildPhase section */
		C2789D191B284C4A00C1792C /* Resources */ = {
			isa = PBXResourcesBuildPhase;
			buildActionMask = 2147483647;
			files = (
				C2789D261B284C4A00C1792C /* Main.storyboard in Resources */,
				C2789D2B1B284C4A00C1792C /* LaunchScreen.xib in Resources */,
				C2789D281B284C4A00C1792C /* Images.xcassets in Resources */,
			);
			runOnlyForDeploymentPostprocessing = 0;
		};
		C2789D2E1B284C4A00C1792C /* Resources */ = {
			isa = PBXResourcesBuildPhase;
			buildActionMask = 2147483647;
			files = (
			);
			runOnlyForDeploymentPostprocessing = 0;
		};
/* End PBXResourcesBuildPhase section */

/* Begin PBXSourcesBuildPhase section */
		C2789D171B284C4A00C1792C /* Sources */ = {
			isa = PBXSourcesBuildPhase;
			buildActionMask = 2147483647;
			files = (
				C2789D231B284C4A00C1792C /* ViewController.swift in Sources */,
				C2789D211B284C4A00C1792C /* AppDelegate.swift in Sources */,
			);
			runOnlyForDeploymentPostprocessing = 0;
		};
		C2789D2C1B284C4A00C1792C /* Sources */ = {
			isa = PBXSourcesBuildPhase;
			buildActionMask = 2147483647;
			files = (
				C2789D371B284C4A00C1792C /* BeginTests.swift in Sources */,
			);
			runOnlyForDeploymentPostprocessing = 0;
		};
/* End PBXSourcesBuildPhase section */

/* Begin PBXTargetDependency section */
		C2789D321B284C4A00C1792C /* PBXTargetDependency */ = {
			isa = PBXTargetDependency;
			target = C2789D1A1B284C4A00C1792C /* Begin */;
			targetProxy = C2789D311B284C4A00C1792C /* PBXContainerItemProxy */;
		};
/* End PBXTargetDependency section */

/* Begin PBXVariantGroup section */
		C2789D241B284C4A00C1792C /* Main.storyboard */ = {
			isa = PBXVariantGroup;
			children = (
				C2789D251B284C4A00C1792C /* Base */,
			);
			name = Main.storyboard;
			sourceTree = "<group>";
		};
		C2789D291B284C4A00C1792C /* LaunchScreen.xib */ = {
			isa = PBXVariantGroup;
			children = (
				C2789D2A1B284C4A00C1792C /* Base */,
			);
			name = LaunchScreen.xib;
			sourceTree = "<group>";
		};
/* End PBXVariantGroup section */

/* Begin XCBuildConfiguration section */
		C2789D381B284C4A00C1792C /* Debug */ = {
			isa = XCBuildConfiguration;
			buildSettings = {
				ALWAYS_SEARCH_USER_PATHS = NO;
				CLANG_CXX_LANGUAGE_STANDARD = "gnu++0x";
				CLANG_CXX_LIBRARY = "libc++";
				CLANG_ENABLE_MODULES = YES;
				CLANG_ENABLE_OBJC_ARC = YES;
				CLANG_WARN_BOOL_CONVERSION = YES;
				CLANG_WARN_CONSTANT_CONVERSION = YES;
				CLANG_WARN_DIRECT_OBJC_ISA_USAGE = YES_ERROR;
				CLANG_WARN_EMPTY_BODY = YES;
				CLANG_WARN_ENUM_CONVERSION = YES;
				CLANG_WARN_INT_CONVERSION = YES;
				CLANG_WARN_OBJC_ROOT_CLASS = YES_ERROR;
				CLANG_WARN_UNREACHABLE_CODE = YES;
				CLANG_WARN__DUPLICATE_METHOD_MATCH = YES;
				"CODE_SIGN_IDENTITY[sdk=iphoneos*]" = "iPhone Developer";
				COPY_PHASE_STRIP = NO;
				DEBUG_INFORMATION_FORMAT = "dwarf-with-dsym";
				ENABLE_STRICT_OBJC_MSGSEND = YES;
				GCC_C_LANGUAGE_STANDARD = gnu99;
				GCC_DYNAMIC_NO_PIC = NO;
				GCC_NO_COMMON_BLOCKS = YES;
				GCC_OPTIMIZATION_LEVEL = 0;
				GCC_PREPROCESSOR_DEFINITIONS = (
					"DEBUG=1",
					"$(inherited)",
				);
				GCC_SYMBOLS_PRIVATE_EXTERN = NO;
				GCC_WARN_64_TO_32_BIT_CONVERSION = YES;
				GCC_WARN_ABOUT_RETURN_TYPE = YES_ERROR;
				GCC_WARN_UNDECLARED_SELECTOR = YES;
				GCC_WARN_UNINITIALIZED_AUTOS = YES_AGGRESSIVE;
				GCC_WARN_UNUSED_FUNCTION = YES;
				GCC_WARN_UNUSED_VARIABLE = YES;
				IPHONEOS_DEPLOYMENT_TARGET = 8.3;
				MTL_ENABLE_DEBUG_INFO = YES;
				ONLY_ACTIVE_ARCH = YES;
				SDKROOT = iphoneos;
				SWIFT_OPTIMIZATION_LEVEL = "-Onone";
				TARGETED_DEVICE_FAMILY = "1,2";
			};
			name = Debug;
		};
		C2789D391B284C4A00C1792C /* Release */ = {
			isa = XCBuildConfiguration;
			buildSettings = {
				ALWAYS_SEARCH_USER_PATHS = NO;
				CLANG_CXX_LANGUAGE_STANDARD = "gnu++0x";
				CLANG_CXX_LIBRARY = "libc++";
				CLANG_ENABLE_MODULES = YES;
				CLANG_ENABLE_OBJC_ARC = YES;
				CLANG_WARN_BOOL_CONVERSION = YES;
				CLANG_WARN_CONSTANT_CONVERSION = YES;
				CLANG_WARN_DIRECT_OBJC_ISA_USAGE = YES_ERROR;
				CLANG_WARN_EMPTY_BODY = YES;
				CLANG_WARN_ENUM_CONVERSION = YES;
				CLANG_WARN_INT_CONVERSION = YES;
				CLANG_WARN_OBJC_ROOT_CLASS = YES_ERROR;
				CLANG_WARN_UNREACHABLE_CODE = YES;
				CLANG_WARN__DUPLICATE_METHOD_MATCH = YES;
				"CODE_SIGN_IDENTITY[sdk=iphoneos*]" = "iPhone Developer";
				COPY_PHASE_STRIP = NO;
				DEBUG_INFORMATION_FORMAT = "dwarf-with-dsym";
				ENABLE_NS_ASSERTIONS = NO;
				ENABLE_STRICT_OBJC_MSGSEND = YES;
				GCC_C_LANGUAGE_STANDARD = gnu99;
				GCC_NO_COMMON_BLOCKS = YES;
				GCC_WARN_64_TO_32_BIT_CONVERSION = YES;
				GCC_WARN_ABOUT_RETURN_TYPE = YES_ERROR;
				GCC_WARN_UNDECLARED_SELECTOR = YES;
				GCC_WARN_UNINITIALIZED_AUTOS = YES_AGGRESSIVE;
				GCC_WARN_UNUSED_FUNCTION = YES;
				GCC_WARN_UNUSED_VARIABLE = YES;
				IPHONEOS_DEPLOYMENT_TARGET = 8.3;
				MTL_ENABLE_DEBUG_INFO = NO;
				SDKROOT = iphoneos;
				TARGETED_DEVICE_FAMILY = "1,2";
				VALIDATE_PRODUCT = YES;
			};
			name = Release;
		};
		C2789D3B1B284C4A00C1792C /* Debug */ = {
			isa = XCBuildConfiguration;
			buildSettings = {
				ASSETCATALOG_COMPILER_APPICON_NAME = AppIcon;
				INFOPLIST_FILE = Begin/Info.plist;
				LD_RUNPATH_SEARCH_PATHS = "$(inherited) @executable_path/Frameworks";
				PRODUCT_NAME = "$(TARGET_NAME)";
			};
			name = Debug;
		};
		C2789D3C1B284C4A00C1792C /* Release */ = {
			isa = XCBuildConfiguration;
			buildSettings = {
				ASSETCATALOG_COMPILER_APPICON_NAME = AppIcon;
				INFOPLIST_FILE = Begin/Info.plist;
				LD_RUNPATH_SEARCH_PATHS = "$(inherited) @executable_path/Frameworks";
				PRODUCT_NAME = "$(TARGET_NAME)";
			};
			name = Release;
		};
		C2789D3E1B284C4A00C1792C /* Debug */ = {
			isa = XCBuildConfiguration;
			buildSettings = {
				BUNDLE_LOADER = "$(TEST_HOST)";
				FRAMEWORK_SEARCH_PATHS = (
					"$(SDKROOT)/Developer/Library/Frameworks",
					"$(inherited)",
				);
				GCC_PREPROCESSOR_DEFINITIONS = (
					"DEBUG=1",
					"$(inherited)",
				);
				INFOPLIST_FILE = BeginTests/Info.plist;
				LD_RUNPATH_SEARCH_PATHS = "$(inherited) @executable_path/Frameworks @loader_path/Frameworks";
				PRODUCT_NAME = "$(TARGET_NAME)";
				TEST_HOST = "$(BUILT_PRODUCTS_DIR)/Begin.app/Begin";
			};
			name = Debug;
		};
		C2789D3F1B284C4A00C1792C /* Release */ = {
			isa = XCBuildConfiguration;
			buildSettings = {
				BUNDLE_LOADER = "$(TEST_HOST)";
				FRAMEWORK_SEARCH_PATHS = (
					"$(SDKROOT)/Developer/Library/Frameworks",
					"$(inherited)",
				);
				INFOPLIST_FILE = BeginTests/Info.plist;
				LD_RUNPATH_SEARCH_PATHS = "$(inherited) @executable_path/Frameworks @loader_path/Frameworks";
				PRODUCT_NAME = "$(TARGET_NAME)";
				TEST_HOST = "$(BUILT_PRODUCTS_DIR)/Begin.app/Begin";
			};
			name = Release;
		};
/* End XCBuildConfiguration section */

/* Begin XCConfigurationList section */
		C2789D161B284C4A00C1792C /* Build configuration list for PBXProject "Begin" */ = {
			isa = XCConfigurationList;
			buildConfigurations = (
				C2789D381B284C4A00C1792C /* Debug */,
				C2789D391B284C4A00C1792C /* Release */,
			);
			defaultConfigurationIsVisible = 0;
			defaultConfigurationName = Release;
		};
		C2789D3A1B284C4A00C1792C /* Build configuration list for PBXNativeTarget "Begin" */ = {
			isa = XCConfigurationList;
			buildConfigurations = (
				C2789D3B1B284C4A00C1792C /* Debug */,
				C2789D3C1B284C4A00C1792C /* Release */,
			);
			defaultConfigurationIsVisible = 0;
			defaultConfigurationName = Release;
		};
		C2789D3D1B284C4A00C1792C /* Build configuration list for PBXNativeTarget "BeginTests" */ = {
			isa = XCConfigurationList;
			buildConfigurations = (
				C2789D3E1B284C4A00C1792C /* Debug */,
				C2789D3F1B284C4A00C1792C /* Release */,
			);
			defaultConfigurationIsVisible = 0;
			defaultConfigurationName = Release;
		};
/* End XCConfigurationList section */
	};
	rootObject = C2789D131B284C4A00C1792C /* Project object */;
}
