// !$*UTF8*$!
{
	archiveVersion = 1;
	classes = {
	};
	objectVersion = 46;
	objects = {

/* Begin PBXBuildFile section */
		1F51C98E1B30175D001DC8F4 /* AppDelegate.swift in Sources */ = {isa = PBXBuildFile; fileRef = 1F51C98D1B30175D001DC8F4 /* AppDelegate.swift */; };
		1F51C9901B30175D001DC8F4 /* ViewController.swift in Sources */ = {isa = PBXBuildFile; fileRef = 1F51C98F1B30175D001DC8F4 /* ViewController.swift */; };
		1F51C9931B30175D001DC8F4 /* Main.storyboard in Resources */ = {isa = PBXBuildFile; fileRef = 1F51C9911B30175D001DC8F4 /* Main.storyboard */; };
		1F51C9951B30175D001DC8F4 /* Images.xcassets in Resources */ = {isa = PBXBuildFile; fileRef = 1F51C9941B30175D001DC8F4 /* Images.xcassets */; };
		1F51C9981B30175D001DC8F4 /* LaunchScreen.xib in Resources */ = {isa = PBXBuildFile; fileRef = 1F51C9961B30175D001DC8F4 /* LaunchScreen.xib */; };
		1F51C9A41B30175D001DC8F4 /* BiologicalClockTests.swift in Sources */ = {isa = PBXBuildFile; fileRef = 1F51C9A31B30175D001DC8F4 /* BiologicalClockTests.swift */; };
/* End PBXBuildFile section */

/* Begin PBXContainerItemProxy section */
		1F51C99E1B30175D001DC8F4 /* PBXContainerItemProxy */ = {
			isa = PBXContainerItemProxy;
			containerPortal = 1F51C9801B30175D001DC8F4 /* Project object */;
			proxyType = 1;
			remoteGlobalIDString = 1F51C9871B30175D001DC8F4;
			remoteInfo = BiologicalClock;
		};
/* End PBXContainerItemProxy section */

/* Begin PBXFileReference section */
		1F51C9881B30175D001DC8F4 /* BiologicalClock.app */ = {isa = PBXFileReference; explicitFileType = wrapper.application; includeInIndex = 0; path = BiologicalClock.app; sourceTree = BUILT_PRODUCTS_DIR; };
		1F51C98C1B30175D001DC8F4 /* Info.plist */ = {isa = PBXFileReference; lastKnownFileType = text.plist.xml; path = Info.plist; sourceTree = "<group>"; };
		1F51C98D1B30175D001DC8F4 /* AppDelegate.swift */ = {isa = PBXFileReference; lastKnownFileType = sourcecode.swift; path = AppDelegate.swift; sourceTree = "<group>"; };
		1F51C98F1B30175D001DC8F4 /* ViewController.swift */ = {isa = PBXFileReference; lastKnownFileType = sourcecode.swift; path = ViewController.swift; sourceTree = "<group>"; };
		1F51C9921B30175D001DC8F4 /* Base */ = {isa = PBXFileReference; lastKnownFileType = file.storyboard; name = Base; path = Base.lproj/Main.storyboard; sourceTree = "<group>"; };
		1F51C9941B30175D001DC8F4 /* Images.xcassets */ = {isa = PBXFileReference; lastKnownFileType = folder.assetcatalog; path = Images.xcassets; sourceTree = "<group>"; };
		1F51C9971B30175D001DC8F4 /* Base */ = {isa = PBXFileReference; lastKnownFileType = file.xib; name = Base; path = Base.lproj/LaunchScreen.xib; sourceTree = "<group>"; };
		1F51C99D1B30175D001DC8F4 /* BiologicalClockTests.xctest */ = {isa = PBXFileReference; explicitFileType = wrapper.cfbundle; includeInIndex = 0; path = BiologicalClockTests.xctest; sourceTree = BUILT_PRODUCTS_DIR; };
		1F51C9A21B30175D001DC8F4 /* Info.plist */ = {isa = PBXFileReference; lastKnownFileType = text.plist.xml; path = Info.plist; sourceTree = "<group>"; };
		1F51C9A31B30175D001DC8F4 /* BiologicalClockTests.swift */ = {isa = PBXFileReference; lastKnownFileType = sourcecode.swift; path = BiologicalClockTests.swift; sourceTree = "<group>"; };
/* End PBXFileReference section */

/* Begin PBXFrameworksBuildPhase section */
		1F51C9851B30175D001DC8F4 /* Frameworks */ = {
			isa = PBXFrameworksBuildPhase;
			buildActionMask = 2147483647;
			files = (
			);
			runOnlyForDeploymentPostprocessing = 0;
		};
		1F51C99A1B30175D001DC8F4 /* Frameworks */ = {
			isa = PBXFrameworksBuildPhase;
			buildActionMask = 2147483647;
			files = (
			);
			runOnlyForDeploymentPostprocessing = 0;
		};
/* End PBXFrameworksBuildPhase section */

/* Begin PBXGroup section */
		1F51C97F1B30175D001DC8F4 = {
			isa = PBXGroup;
			children = (
				1F51C98A1B30175D001DC8F4 /* BiologicalClock */,
				1F51C9A01B30175D001DC8F4 /* BiologicalClockTests */,
				1F51C9891B30175D001DC8F4 /* Products */,
			);
			sourceTree = "<group>";
		};
		1F51C9891B30175D001DC8F4 /* Products */ = {
			isa = PBXGroup;
			children = (
				1F51C9881B30175D001DC8F4 /* BiologicalClock.app */,
				1F51C99D1B30175D001DC8F4 /* BiologicalClockTests.xctest */,
			);
			name = Products;
			sourceTree = "<group>";
		};
		1F51C98A1B30175D001DC8F4 /* BiologicalClock */ = {
			isa = PBXGroup;
			children = (
				1F51C98D1B30175D001DC8F4 /* AppDelegate.swift */,
				1F51C98F1B30175D001DC8F4 /* ViewController.swift */,
				1F51C9911B30175D001DC8F4 /* Main.storyboard */,
				1F51C9941B30175D001DC8F4 /* Images.xcassets */,
				1F51C9961B30175D001DC8F4 /* LaunchScreen.xib */,
				1F51C98B1B30175D001DC8F4 /* Supporting Files */,
			);
			path = BiologicalClock;
			sourceTree = "<group>";
		};
		1F51C98B1B30175D001DC8F4 /* Supporting Files */ = {
			isa = PBXGroup;
			children = (
				1F51C98C1B30175D001DC8F4 /* Info.plist */,
			);
			name = "Supporting Files";
			sourceTree = "<group>";
		};
		1F51C9A01B30175D001DC8F4 /* BiologicalClockTests */ = {
			isa = PBXGroup;
			children = (
				1F51C9A31B30175D001DC8F4 /* BiologicalClockTests.swift */,
				1F51C9A11B30175D001DC8F4 /* Supporting Files */,
			);
			path = BiologicalClockTests;
			sourceTree = "<group>";
		};
		1F51C9A11B30175D001DC8F4 /* Supporting Files */ = {
			isa = PBXGroup;
			children = (
				1F51C9A21B30175D001DC8F4 /* Info.plist */,
			);
			name = "Supporting Files";
			sourceTree = "<group>";
		};
/* End PBXGroup section */

/* Begin PBXNativeTarget section */
		1F51C9871B30175D001DC8F4 /* BiologicalClock */ = {
			isa = PBXNativeTarget;
			buildConfigurationList = 1F51C9A71B30175D001DC8F4 /* Build configuration list for PBXNativeTarget "BiologicalClock" */;
			buildPhases = (
				1F51C9841B30175D001DC8F4 /* Sources */,
				1F51C9851B30175D001DC8F4 /* Frameworks */,
				1F51C9861B30175D001DC8F4 /* Resources */,
			);
			buildRules = (
			);
			dependencies = (
			);
			name = BiologicalClock;
			productName = BiologicalClock;
			productReference = 1F51C9881B30175D001DC8F4 /* BiologicalClock.app */;
			productType = "com.apple.product-type.application";
		};
		1F51C99C1B30175D001DC8F4 /* BiologicalClockTests */ = {
			isa = PBXNativeTarget;
			buildConfigurationList = 1F51C9AA1B30175D001DC8F4 /* Build configuration list for PBXNativeTarget "BiologicalClockTests" */;
			buildPhases = (
				1F51C9991B30175D001DC8F4 /* Sources */,
				1F51C99A1B30175D001DC8F4 /* Frameworks */,
				1F51C99B1B30175D001DC8F4 /* Resources */,
			);
			buildRules = (
			);
			dependencies = (
				1F51C99F1B30175D001DC8F4 /* PBXTargetDependency */,
			);
			name = BiologicalClockTests;
			productName = BiologicalClockTests;
			productReference = 1F51C99D1B30175D001DC8F4 /* BiologicalClockTests.xctest */;
			productType = "com.apple.product-type.bundle.unit-test";
		};
/* End PBXNativeTarget section */

/* Begin PBXProject section */
		1F51C9801B30175D001DC8F4 /* Project object */ = {
			isa = PBXProject;
			attributes = {
				LastUpgradeCheck = 0630;
				ORGANIZATIONNAME = MarkRan;
				TargetAttributes = {
					1F51C9871B30175D001DC8F4 = {
						CreatedOnToolsVersion = 6.3.2;
						DevelopmentTeam = THSJPLHLD3;
					};
					1F51C99C1B30175D001DC8F4 = {
						CreatedOnToolsVersion = 6.3.2;
						TestTargetID = 1F51C9871B30175D001DC8F4;
					};
				};
			};
			buildConfigurationList = 1F51C9831B30175D001DC8F4 /* Build configuration list for PBXProject "BiologicalClock" */;
			compatibilityVersion = "Xcode 3.2";
			developmentRegion = English;
			hasScannedForEncodings = 0;
			knownRegions = (
				en,
				Base,
			);
			mainGroup = 1F51C97F1B30175D001DC8F4;
			productRefGroup = 1F51C9891B30175D001DC8F4 /* Products */;
			projectDirPath = "";
			projectRoot = "";
			targets = (
				1F51C9871B30175D001DC8F4 /* BiologicalClock */,
				1F51C99C1B30175D001DC8F4 /* BiologicalClockTests */,
			);
		};
/* End PBXProject section */

/* Begin PBXResourcesBuildPhase section */
		1F51C9861B30175D001DC8F4 /* Resources */ = {
			isa = PBXResourcesBuildPhase;
			buildActionMask = 2147483647;
			files = (
				1F51C9931B30175D001DC8F4 /* Main.storyboard in Resources */,
				1F51C9981B30175D001DC8F4 /* LaunchScreen.xib in Resources */,
				1F51C9951B30175D001DC8F4 /* Images.xcassets in Resources */,
			);
			runOnlyForDeploymentPostprocessing = 0;
		};
		1F51C99B1B30175D001DC8F4 /* Resources */ = {
			isa = PBXResourcesBuildPhase;
			buildActionMask = 2147483647;
			files = (
			);
			runOnlyForDeploymentPostprocessing = 0;
		};
/* End PBXResourcesBuildPhase section */

/* Begin PBXSourcesBuildPhase section */
		1F51C9841B30175D001DC8F4 /* Sources */ = {
			isa = PBXSourcesBuildPhase;
			buildActionMask = 2147483647;
			files = (
				1F51C9901B30175D001DC8F4 /* ViewController.swift in Sources */,
				1F51C98E1B30175D001DC8F4 /* AppDelegate.swift in Sources */,
			);
			runOnlyForDeploymentPostprocessing = 0;
		};
		1F51C9991B30175D001DC8F4 /* Sources */ = {
			isa = PBXSourcesBuildPhase;
			buildActionMask = 2147483647;
			files = (
				1F51C9A41B30175D001DC8F4 /* BiologicalClockTests.swift in Sources */,
			);
			runOnlyForDeploymentPostprocessing = 0;
		};
/* End PBXSourcesBuildPhase section */

/* Begin PBXTargetDependency section */
		1F51C99F1B30175D001DC8F4 /* PBXTargetDependency */ = {
			isa = PBXTargetDependency;
			target = 1F51C9871B30175D001DC8F4 /* BiologicalClock */;
			targetProxy = 1F51C99E1B30175D001DC8F4 /* PBXContainerItemProxy */;
		};
/* End PBXTargetDependency section */

/* Begin PBXVariantGroup section */
		1F51C9911B30175D001DC8F4 /* Main.storyboard */ = {
			isa = PBXVariantGroup;
			children = (
				1F51C9921B30175D001DC8F4 /* Base */,
			);
			name = Main.storyboard;
			sourceTree = "<group>";
		};
		1F51C9961B30175D001DC8F4 /* LaunchScreen.xib */ = {
			isa = PBXVariantGroup;
			children = (
				1F51C9971B30175D001DC8F4 /* Base */,
			);
			name = LaunchScreen.xib;
			sourceTree = "<group>";
		};
/* End PBXVariantGroup section */

/* Begin XCBuildConfiguration section */
		1F51C9A51B30175D001DC8F4 /* Debug */ = {
			isa = XCBuildConfiguration;
			buildSettings = {
				ALWAYS_SEARCH_USER_PATHS = NO;
				CLANG_CXX_LANGUAGE_STANDARD = "gnu++0x";
				CLANG_CXX_LIBRARY = "libc++";
				CLANG_ENABLE_MODULES = YES;
				CLANG_ENABLE_OBJC_ARC = YES;
				CLANG_WARN_BOOL_CONVERSION = YES;
				CLANG_WARN_CONSTANT_CONVERSION = YES;
				CLANG_WARN_DIRECT_OBJC_ISA_USAGE = YES_ERROR;
				CLANG_WARN_EMPTY_BODY = YES;
				CLANG_WARN_ENUM_CONVERSION = YES;
				CLANG_WARN_INT_CONVERSION = YES;
				CLANG_WARN_OBJC_ROOT_CLASS = YES_ERROR;
				CLANG_WARN_UNREACHABLE_CODE = YES;
				CLANG_WARN__DUPLICATE_METHOD_MATCH = YES;
				"CODE_SIGN_IDENTITY[sdk=iphoneos*]" = "iPhone Developer";
				COPY_PHASE_STRIP = NO;
				DEBUG_INFORMATION_FORMAT = "dwarf-with-dsym";
				ENABLE_STRICT_OBJC_MSGSEND = YES;
				GCC_C_LANGUAGE_STANDARD = gnu99;
				GCC_DYNAMIC_NO_PIC = NO;
				GCC_NO_COMMON_BLOCKS = YES;
				GCC_OPTIMIZATION_LEVEL = 0;
				GCC_PREPROCESSOR_DEFINITIONS = (
					"DEBUG=1",
					"$(inherited)",
				);
				GCC_SYMBOLS_PRIVATE_EXTERN = NO;
				GCC_WARN_64_TO_32_BIT_CONVERSION = YES;
				GCC_WARN_ABOUT_RETURN_TYPE = YES_ERROR;
				GCC_WARN_UNDECLARED_SELECTOR = YES;
				GCC_WARN_UNINITIALIZED_AUTOS = YES_AGGRESSIVE;
				GCC_WARN_UNUSED_FUNCTION = YES;
				GCC_WARN_UNUSED_VARIABLE = YES;
				IPHONEOS_DEPLOYMENT_TARGET = 8.3;
				MTL_ENABLE_DEBUG_INFO = YES;
				ONLY_ACTIVE_ARCH = YES;
				SDKROOT = iphoneos;
				SWIFT_OPTIMIZATION_LEVEL = "-Onone";
				TARGETED_DEVICE_FAMILY = "1,2";
			};
			name = Debug;
		};
		1F51C9A61B30175D001DC8F4 /* Release */ = {
			isa = XCBuildConfiguration;
			buildSettings = {
				ALWAYS_SEARCH_USER_PATHS = NO;
				CLANG_CXX_LANGUAGE_STANDARD = "gnu++0x";
				CLANG_CXX_LIBRARY = "libc++";
				CLANG_ENABLE_MODULES = YES;
				CLANG_ENABLE_OBJC_ARC = YES;
				CLANG_WARN_BOOL_CONVERSION = YES;
				CLANG_WARN_CONSTANT_CONVERSION = YES;
				CLANG_WARN_DIRECT_OBJC_ISA_USAGE = YES_ERROR;
				CLANG_WARN_EMPTY_BODY = YES;
				CLANG_WARN_ENUM_CONVERSION = YES;
				CLANG_WARN_INT_CONVERSION = YES;
				CLANG_WARN_OBJC_ROOT_CLASS = YES_ERROR;
				CLANG_WARN_UNREACHABLE_CODE = YES;
				CLANG_WARN__DUPLICATE_METHOD_MATCH = YES;
				"CODE_SIGN_IDENTITY[sdk=iphoneos*]" = "iPhone Developer";
				COPY_PHASE_STRIP = NO;
				DEBUG_INFORMATION_FORMAT = "dwarf-with-dsym";
				ENABLE_NS_ASSERTIONS = NO;
				ENABLE_STRICT_OBJC_MSGSEND = YES;
				GCC_C_LANGUAGE_STANDARD = gnu99;
				GCC_NO_COMMON_BLOCKS = YES;
				GCC_WARN_64_TO_32_BIT_CONVERSION = YES;
				GCC_WARN_ABOUT_RETURN_TYPE = YES_ERROR;
				GCC_WARN_UNDECLARED_SELECTOR = YES;
				GCC_WARN_UNINITIALIZED_AUTOS = YES_AGGRESSIVE;
				GCC_WARN_UNUSED_FUNCTION = YES;
				GCC_WARN_UNUSED_VARIABLE = YES;
				IPHONEOS_DEPLOYMENT_TARGET = 8.3;
				MTL_ENABLE_DEBUG_INFO = NO;
				SDKROOT = iphoneos;
				TARGETED_DEVICE_FAMILY = "1,2";
				VALIDATE_PRODUCT = YES;
			};
			name = Release;
		};
		1F51C9A81B30175D001DC8F4 /* Debug */ = {
			isa = XCBuildConfiguration;
			buildSettings = {
				ASSETCATALOG_COMPILER_APPICON_NAME = AppIcon;
				CODE_SIGN_IDENTITY = "iPhone Developer";
				INFOPLIST_FILE = BiologicalClock/Info.plist;
				LD_RUNPATH_SEARCH_PATHS = "$(inherited) @executable_path/Frameworks";
				PRODUCT_NAME = "$(TARGET_NAME)";
			};
			name = Debug;
		};
		1F51C9A91B30175D001DC8F4 /* Release */ = {
			isa = XCBuildConfiguration;
			buildSettings = {
				ASSETCATALOG_COMPILER_APPICON_NAME = AppIcon;
				CODE_SIGN_IDENTITY = "iPhone Developer";
				INFOPLIST_FILE = BiologicalClock/Info.plist;
				LD_RUNPATH_SEARCH_PATHS = "$(inherited) @executable_path/Frameworks";
				PRODUCT_NAME = "$(TARGET_NAME)";
			};
			name = Release;
		};
		1F51C9AB1B30175D001DC8F4 /* Debug */ = {
			isa = XCBuildConfiguration;
			buildSettings = {
				BUNDLE_LOADER = "$(TEST_HOST)";
				FRAMEWORK_SEARCH_PATHS = (
					"$(SDKROOT)/Developer/Library/Frameworks",
					"$(inherited)",
				);
				GCC_PREPROCESSOR_DEFINITIONS = (
					"DEBUG=1",
					"$(inherited)",
				);
				INFOPLIST_FILE = BiologicalClockTests/Info.plist;
				LD_RUNPATH_SEARCH_PATHS = "$(inherited) @executable_path/Frameworks @loader_path/Frameworks";
				PRODUCT_NAME = "$(TARGET_NAME)";
				TEST_HOST = "$(BUILT_PRODUCTS_DIR)/BiologicalClock.app/BiologicalClock";
			};
			name = Debug;
		};
		1F51C9AC1B30175D001DC8F4 /* Release */ = {
			isa = XCBuildConfiguration;
			buildSettings = {
				BUNDLE_LOADER = "$(TEST_HOST)";
				FRAMEWORK_SEARCH_PATHS = (
					"$(SDKROOT)/Developer/Library/Frameworks",
					"$(inherited)",
				);
				INFOPLIST_FILE = BiologicalClockTests/Info.plist;
				LD_RUNPATH_SEARCH_PATHS = "$(inherited) @executable_path/Frameworks @loader_path/Frameworks";
				PRODUCT_NAME = "$(TARGET_NAME)";
				TEST_HOST = "$(BUILT_PRODUCTS_DIR)/BiologicalClock.app/BiologicalClock";
			};
			name = Release;
		};
/* End XCBuildConfiguration section */

/* Begin XCConfigurationList section */
		1F51C9831B30175D001DC8F4 /* Build configuration list for PBXProject "BiologicalClock" */ = {
			isa = XCConfigurationList;
			buildConfigurations = (
				1F51C9A51B30175D001DC8F4 /* Debug */,
				1F51C9A61B30175D001DC8F4 /* Release */,
			);
			defaultConfigurationIsVisible = 0;
			defaultConfigurationName = Release;
		};
		1F51C9A71B30175D001DC8F4 /* Build configuration list for PBXNativeTarget "BiologicalClock" */ = {
			isa = XCConfigurationList;
			buildConfigurations = (
				1F51C9A81B30175D001DC8F4 /* Debug */,
				1F51C9A91B30175D001DC8F4 /* Release */,
			);
			defaultConfigurationIsVisible = 0;
		};
		1F51C9AA1B30175D001DC8F4 /* Build configuration list for PBXNativeTarget "BiologicalClockTests" */ = {
			isa = XCConfigurationList;
			buildConfigurations = (
				1F51C9AB1B30175D001DC8F4 /* Debug */,
				1F51C9AC1B30175D001DC8F4 /* Release */,
			);
			defaultConfigurationIsVisible = 0;
		};
/* End XCConfigurationList section */
	};
	rootObject = 1F51C9801B30175D001DC8F4 /* Project object */;
}
