// !$*UTF8*$!
{
	archiveVersion = 1;
	classes = {
	};
	objectVersion = 46;
	objects = {

/* Begin PBXBuildFile section */
		C2031B0A1B2685F9002C8048 /* AppDelegate.swift in Sources */ = {isa = PBXBuildFile; fileRef = C2031B091B2685F9002C8048 /* AppDelegate.swift */; };
		C2031B0C1B2685F9002C8048 /* ViewController.swift in Sources */ = {isa = PBXBuildFile; fileRef = C2031B0B1B2685F9002C8048 /* ViewController.swift */; };
		C2031B0F1B2685F9002C8048 /* Main.storyboard in Resources */ = {isa = PBXBuildFile; fileRef = C2031B0D1B2685F9002C8048 /* Main.storyboard */; };
		C2031B111B2685F9002C8048 /* Images.xcassets in Resources */ = {isa = PBXBuildFile; fileRef = C2031B101B2685F9002C8048 /* Images.xcassets */; };
		C2031B141B2685F9002C8048 /* LaunchScreen.xib in Resources */ = {isa = PBXBuildFile; fileRef = C2031B121B2685F9002C8048 /* LaunchScreen.xib */; };
		C2031B201B2685F9002C8048 /* calculatorTests.swift in Sources */ = {isa = PBXBuildFile; fileRef = C2031B1F1B2685F9002C8048 /* calculatorTests.swift */; };
/* End PBXBuildFile section */

/* Begin PBXContainerItemProxy section */
		C2031B1A1B2685F9002C8048 /* PBXContainerItemProxy */ = {
			isa = PBXContainerItemProxy;
			containerPortal = C2031AFC1B2685F9002C8048 /* Project object */;
			proxyType = 1;
			remoteGlobalIDString = C2031B031B2685F9002C8048;
			remoteInfo = calculator;
		};
/* End PBXContainerItemProxy section */

/* Begin PBXFileReference section */
		C2031B041B2685F9002C8048 /* calculator.app */ = {isa = PBXFileReference; explicitFileType = wrapper.application; includeInIndex = 0; path = calculator.app; sourceTree = BUILT_PRODUCTS_DIR; };
		C2031B081B2685F9002C8048 /* Info.plist */ = {isa = PBXFileReference; lastKnownFileType = text.plist.xml; path = Info.plist; sourceTree = "<group>"; };
		C2031B091B2685F9002C8048 /* AppDelegate.swift */ = {isa = PBXFileReference; lastKnownFileType = sourcecode.swift; path = AppDelegate.swift; sourceTree = "<group>"; };
		C2031B0B1B2685F9002C8048 /* ViewController.swift */ = {isa = PBXFileReference; lastKnownFileType = sourcecode.swift; path = ViewController.swift; sourceTree = "<group>"; };
		C2031B0E1B2685F9002C8048 /* Base */ = {isa = PBXFileReference; lastKnownFileType = file.storyboard; name = Base; path = Base.lproj/Main.storyboard; sourceTree = "<group>"; };
		C2031B101B2685F9002C8048 /* Images.xcassets */ = {isa = PBXFileReference; lastKnownFileType = folder.assetcatalog; path = Images.xcassets; sourceTree = "<group>"; };
		C2031B131B2685F9002C8048 /* Base */ = {isa = PBXFileReference; lastKnownFileType = file.xib; name = Base; path = Base.lproj/LaunchScreen.xib; sourceTree = "<group>"; };
		C2031B191B2685F9002C8048 /* calculatorTests.xctest */ = {isa = PBXFileReference; explicitFileType = wrapper.cfbundle; includeInIndex = 0; path = calculatorTests.xctest; sourceTree = BUILT_PRODUCTS_DIR; };
		C2031B1E1B2685F9002C8048 /* Info.plist */ = {isa = PBXFileReference; lastKnownFileType = text.plist.xml; path = Info.plist; sourceTree = "<group>"; };
		C2031B1F1B2685F9002C8048 /* calculatorTests.swift */ = {isa = PBXFileReference; lastKnownFileType = sourcecode.swift; path = calculatorTests.swift; sourceTree = "<group>"; };
/* End PBXFileReference section */

/* Begin PBXFrameworksBuildPhase section */
		C2031B011B2685F9002C8048 /* Frameworks */ = {
			isa = PBXFrameworksBuildPhase;
			buildActionMask = 2147483647;
			files = (
			);
			runOnlyForDeploymentPostprocessing = 0;
		};
		C2031B161B2685F9002C8048 /* Frameworks */ = {
			isa = PBXFrameworksBuildPhase;
			buildActionMask = 2147483647;
			files = (
			);
			runOnlyForDeploymentPostprocessing = 0;
		};
/* End PBXFrameworksBuildPhase section */

/* Begin PBXGroup section */
		C2031AFB1B2685F9002C8048 = {
			isa = PBXGroup;
			children = (
				C2031B061B2685F9002C8048 /* calculator */,
				C2031B1C1B2685F9002C8048 /* calculatorTests */,
				C2031B051B2685F9002C8048 /* Products */,
			);
			sourceTree = "<group>";
		};
		C2031B051B2685F9002C8048 /* Products */ = {
			isa = PBXGroup;
			children = (
				C2031B041B2685F9002C8048 /* calculator.app */,
				C2031B191B2685F9002C8048 /* calculatorTests.xctest */,
			);
			name = Products;
			sourceTree = "<group>";
		};
		C2031B061B2685F9002C8048 /* calculator */ = {
			isa = PBXGroup;
			children = (
				C2031B091B2685F9002C8048 /* AppDelegate.swift */,
				C2031B0B1B2685F9002C8048 /* ViewController.swift */,
				C2031B0D1B2685F9002C8048 /* Main.storyboard */,
				C2031B101B2685F9002C8048 /* Images.xcassets */,
				C2031B121B2685F9002C8048 /* LaunchScreen.xib */,
				C2031B071B2685F9002C8048 /* Supporting Files */,
			);
			path = calculator;
			sourceTree = "<group>";
		};
		C2031B071B2685F9002C8048 /* Supporting Files */ = {
			isa = PBXGroup;
			children = (
				C2031B081B2685F9002C8048 /* Info.plist */,
			);
			name = "Supporting Files";
			sourceTree = "<group>";
		};
		C2031B1C1B2685F9002C8048 /* calculatorTests */ = {
			isa = PBXGroup;
			children = (
				C2031B1F1B2685F9002C8048 /* calculatorTests.swift */,
				C2031B1D1B2685F9002C8048 /* Supporting Files */,
			);
			path = calculatorTests;
			sourceTree = "<group>";
		};
		C2031B1D1B2685F9002C8048 /* Supporting Files */ = {
			isa = PBXGroup;
			children = (
				C2031B1E1B2685F9002C8048 /* Info.plist */,
			);
			name = "Supporting Files";
			sourceTree = "<group>";
		};
/* End PBXGroup section */

/* Begin PBXNativeTarget section */
		C2031B031B2685F9002C8048 /* calculator */ = {
			isa = PBXNativeTarget;
			buildConfigurationList = C2031B231B2685F9002C8048 /* Build configuration list for PBXNativeTarget "calculator" */;
			buildPhases = (
				C2031B001B2685F9002C8048 /* Sources */,
				C2031B011B2685F9002C8048 /* Frameworks */,
				C2031B021B2685F9002C8048 /* Resources */,
			);
			buildRules = (
			);
			dependencies = (
			);
			name = calculator;
			productName = calculator;
			productReference = C2031B041B2685F9002C8048 /* calculator.app */;
			productType = "com.apple.product-type.application";
		};
		C2031B181B2685F9002C8048 /* calculatorTests */ = {
			isa = PBXNativeTarget;
			buildConfigurationList = C2031B261B2685F9002C8048 /* Build configuration list for PBXNativeTarget "calculatorTests" */;
			buildPhases = (
				C2031B151B2685F9002C8048 /* Sources */,
				C2031B161B2685F9002C8048 /* Frameworks */,
				C2031B171B2685F9002C8048 /* Resources */,
			);
			buildRules = (
			);
			dependencies = (
				C2031B1B1B2685F9002C8048 /* PBXTargetDependency */,
			);
			name = calculatorTests;
			productName = calculatorTests;
			productReference = C2031B191B2685F9002C8048 /* calculatorTests.xctest */;
			productType = "com.apple.product-type.bundle.unit-test";
		};
/* End PBXNativeTarget section */

/* Begin PBXProject section */
		C2031AFC1B2685F9002C8048 /* Project object */ = {
			isa = PBXProject;
			attributes = {
				LastUpgradeCheck = 0630;
				ORGANIZATIONNAME = "Mark Ran";
				TargetAttributes = {
					C2031B031B2685F9002C8048 = {
						CreatedOnToolsVersion = 6.3.2;
					};
					C2031B181B2685F9002C8048 = {
						CreatedOnToolsVersion = 6.3.2;
						TestTargetID = C2031B031B2685F9002C8048;
					};
				};
			};
			buildConfigurationList = C2031AFF1B2685F9002C8048 /* Build configuration list for PBXProject "calculator" */;
			compatibilityVersion = "Xcode 3.2";
			developmentRegion = English;
			hasScannedForEncodings = 0;
			knownRegions = (
				en,
				Base,
			);
			mainGroup = C2031AFB1B2685F9002C8048;
			productRefGroup = C2031B051B2685F9002C8048 /* Products */;
			projectDirPath = "";
			projectRoot = "";
			targets = (
				C2031B031B2685F9002C8048 /* calculator */,
				C2031B181B2685F9002C8048 /* calculatorTests */,
			);
		};
/* End PBXProject section */

/* Begin PBXResourcesBuildPhase section */
		C2031B021B2685F9002C8048 /* Resources */ = {
			isa = PBXResourcesBuildPhase;
			buildActionMask = 2147483647;
			files = (
				C2031B0F1B2685F9002C8048 /* Main.storyboard in Resources */,
				C2031B141B2685F9002C8048 /* LaunchScreen.xib in Resources */,
				C2031B111B2685F9002C8048 /* Images.xcassets in Resources */,
			);
			runOnlyForDeploymentPostprocessing = 0;
		};
		C2031B171B2685F9002C8048 /* Resources */ = {
			isa = PBXResourcesBuildPhase;
			buildActionMask = 2147483647;
			files = (
			);
			runOnlyForDeploymentPostprocessing = 0;
		};
/* End PBXResourcesBuildPhase section */

/* Begin PBXSourcesBuildPhase section */
		C2031B001B2685F9002C8048 /* Sources */ = {
			isa = PBXSourcesBuildPhase;
			buildActionMask = 2147483647;
			files = (
				C2031B0C1B2685F9002C8048 /* ViewController.swift in Sources */,
				C2031B0A1B2685F9002C8048 /* AppDelegate.swift in Sources */,
			);
			runOnlyForDeploymentPostprocessing = 0;
		};
		C2031B151B2685F9002C8048 /* Sources */ = {
			isa = PBXSourcesBuildPhase;
			buildActionMask = 2147483647;
			files = (
				C2031B201B2685F9002C8048 /* calculatorTests.swift in Sources */,
			);
			runOnlyForDeploymentPostprocessing = 0;
		};
/* End PBXSourcesBuildPhase section */

/* Begin PBXTargetDependency section */
		C2031B1B1B2685F9002C8048 /* PBXTargetDependency */ = {
			isa = PBXTargetDependency;
			target = C2031B031B2685F9002C8048 /* calculator */;
			targetProxy = C2031B1A1B2685F9002C8048 /* PBXContainerItemProxy */;
		};
/* End PBXTargetDependency section */

/* Begin PBXVariantGroup section */
		C2031B0D1B2685F9002C8048 /* Main.storyboard */ = {
			isa = PBXVariantGroup;
			children = (
				C2031B0E1B2685F9002C8048 /* Base */,
			);
			name = Main.storyboard;
			sourceTree = "<group>";
		};
		C2031B121B2685F9002C8048 /* LaunchScreen.xib */ = {
			isa = PBXVariantGroup;
			children = (
				C2031B131B2685F9002C8048 /* Base */,
			);
			name = LaunchScreen.xib;
			sourceTree = "<group>";
		};
/* End PBXVariantGroup section */

/* Begin XCBuildConfiguration section */
		C2031B211B2685F9002C8048 /* Debug */ = {
			isa = XCBuildConfiguration;
			buildSettings = {
				ALWAYS_SEARCH_USER_PATHS = NO;
				CLANG_CXX_LANGUAGE_STANDARD = "gnu++0x";
				CLANG_CXX_LIBRARY = "libc++";
				CLANG_ENABLE_MODULES = YES;
				CLANG_ENABLE_OBJC_ARC = YES;
				CLANG_WARN_BOOL_CONVERSION = YES;
				CLANG_WARN_CONSTANT_CONVERSION = YES;
				CLANG_WARN_DIRECT_OBJC_ISA_USAGE = YES_ERROR;
				CLANG_WARN_EMPTY_BODY = YES;
				CLANG_WARN_ENUM_CONVERSION = YES;
				CLANG_WARN_INT_CONVERSION = YES;
				CLANG_WARN_OBJC_ROOT_CLASS = YES_ERROR;
				CLANG_WARN_UNREACHABLE_CODE = YES;
				CLANG_WARN__DUPLICATE_METHOD_MATCH = YES;
				"CODE_SIGN_IDENTITY[sdk=iphoneos*]" = "iPhone Developer";
				COPY_PHASE_STRIP = NO;
				DEBUG_INFORMATION_FORMAT = "dwarf-with-dsym";
				ENABLE_STRICT_OBJC_MSGSEND = YES;
				GCC_C_LANGUAGE_STANDARD = gnu99;
				GCC_DYNAMIC_NO_PIC = NO;
				GCC_NO_COMMON_BLOCKS = YES;
				GCC_OPTIMIZATION_LEVEL = 0;
				GCC_PREPROCESSOR_DEFINITIONS = (
					"DEBUG=1",
					"$(inherited)",
				);
				GCC_SYMBOLS_PRIVATE_EXTERN = NO;
				GCC_WARN_64_TO_32_BIT_CONVERSION = YES;
				GCC_WARN_ABOUT_RETURN_TYPE = YES_ERROR;
				GCC_WARN_UNDECLARED_SELECTOR = YES;
				GCC_WARN_UNINITIALIZED_AUTOS = YES_AGGRESSIVE;
				GCC_WARN_UNUSED_FUNCTION = YES;
				GCC_WARN_UNUSED_VARIABLE = YES;
				IPHONEOS_DEPLOYMENT_TARGET = 8.3;
				MTL_ENABLE_DEBUG_INFO = YES;
				ONLY_ACTIVE_ARCH = YES;
				SDKROOT = iphoneos;
				SWIFT_OPTIMIZATION_LEVEL = "-Onone";
				TARGETED_DEVICE_FAMILY = "1,2";
			};
			name = Debug;
		};
		C2031B221B2685F9002C8048 /* Release */ = {
			isa = XCBuildConfiguration;
			buildSettings = {
				ALWAYS_SEARCH_USER_PATHS = NO;
				CLANG_CXX_LANGUAGE_STANDARD = "gnu++0x";
				CLANG_CXX_LIBRARY = "libc++";
				CLANG_ENABLE_MODULES = YES;
				CLANG_ENABLE_OBJC_ARC = YES;
				CLANG_WARN_BOOL_CONVERSION = YES;
				CLANG_WARN_CONSTANT_CONVERSION = YES;
				CLANG_WARN_DIRECT_OBJC_ISA_USAGE = YES_ERROR;
				CLANG_WARN_EMPTY_BODY = YES;
				CLANG_WARN_ENUM_CONVERSION = YES;
				CLANG_WARN_INT_CONVERSION = YES;
				CLANG_WARN_OBJC_ROOT_CLASS = YES_ERROR;
				CLANG_WARN_UNREACHABLE_CODE = YES;
				CLANG_WARN__DUPLICATE_METHOD_MATCH = YES;
				"CODE_SIGN_IDENTITY[sdk=iphoneos*]" = "iPhone Developer";
				COPY_PHASE_STRIP = NO;
				DEBUG_INFORMATION_FORMAT = "dwarf-with-dsym";
				ENABLE_NS_ASSERTIONS = NO;
				ENABLE_STRICT_OBJC_MSGSEND = YES;
				GCC_C_LANGUAGE_STANDARD = gnu99;
				GCC_NO_COMMON_BLOCKS = YES;
				GCC_WARN_64_TO_32_BIT_CONVERSION = YES;
				GCC_WARN_ABOUT_RETURN_TYPE = YES_ERROR;
				GCC_WARN_UNDECLARED_SELECTOR = YES;
				GCC_WARN_UNINITIALIZED_AUTOS = YES_AGGRESSIVE;
				GCC_WARN_UNUSED_FUNCTION = YES;
				GCC_WARN_UNUSED_VARIABLE = YES;
				IPHONEOS_DEPLOYMENT_TARGET = 8.3;
				MTL_ENABLE_DEBUG_INFO = NO;
				SDKROOT = iphoneos;
				TARGETED_DEVICE_FAMILY = "1,2";
				VALIDATE_PRODUCT = YES;
			};
			name = Release;
		};
		C2031B241B2685F9002C8048 /* Debug */ = {
			isa = XCBuildConfiguration;
			buildSettings = {
				ASSETCATALOG_COMPILER_APPICON_NAME = AppIcon;
				INFOPLIST_FILE = calculator/Info.plist;
				LD_RUNPATH_SEARCH_PATHS = "$(inherited) @executable_path/Frameworks";
				PRODUCT_NAME = "$(TARGET_NAME)";
			};
			name = Debug;
		};
		C2031B251B2685F9002C8048 /* Release */ = {
			isa = XCBuildConfiguration;
			buildSettings = {
				ASSETCATALOG_COMPILER_APPICON_NAME = AppIcon;
				INFOPLIST_FILE = calculator/Info.plist;
				LD_RUNPATH_SEARCH_PATHS = "$(inherited) @executable_path/Frameworks";
				PRODUCT_NAME = "$(TARGET_NAME)";
			};
			name = Release;
		};
		C2031B271B2685F9002C8048 /* Debug */ = {
			isa = XCBuildConfiguration;
			buildSettings = {
				BUNDLE_LOADER = "$(TEST_HOST)";
				FRAMEWORK_SEARCH_PATHS = (
					"$(SDKROOT)/Developer/Library/Frameworks",
					"$(inherited)",
				);
				GCC_PREPROCESSOR_DEFINITIONS = (
					"DEBUG=1",
					"$(inherited)",
				);
				INFOPLIST_FILE = calculatorTests/Info.plist;
				LD_RUNPATH_SEARCH_PATHS = "$(inherited) @executable_path/Frameworks @loader_path/Frameworks";
				PRODUCT_NAME = "$(TARGET_NAME)";
				TEST_HOST = "$(BUILT_PRODUCTS_DIR)/calculator.app/calculator";
			};
			name = Debug;
		};
		C2031B281B2685F9002C8048 /* Release */ = {
			isa = XCBuildConfiguration;
			buildSettings = {
				BUNDLE_LOADER = "$(TEST_HOST)";
				FRAMEWORK_SEARCH_PATHS = (
					"$(SDKROOT)/Developer/Library/Frameworks",
					"$(inherited)",
				);
				INFOPLIST_FILE = calculatorTests/Info.plist;
				LD_RUNPATH_SEARCH_PATHS = "$(inherited) @executable_path/Frameworks @loader_path/Frameworks";
				PRODUCT_NAME = "$(TARGET_NAME)";
				TEST_HOST = "$(BUILT_PRODUCTS_DIR)/calculator.app/calculator";
			};
			name = Release;
		};
/* End XCBuildConfiguration section */

/* Begin XCConfigurationList section */
		C2031AFF1B2685F9002C8048 /* Build configuration list for PBXProject "calculator" */ = {
			isa = XCConfigurationList;
			buildConfigurations = (
				C2031B211B2685F9002C8048 /* Debug */,
				C2031B221B2685F9002C8048 /* Release */,
			);
			defaultConfigurationIsVisible = 0;
			defaultConfigurationName = Release;
		};
		C2031B231B2685F9002C8048 /* Build configuration list for PBXNativeTarget "calculator" */ = {
			isa = XCConfigurationList;
			buildConfigurations = (
				C2031B241B2685F9002C8048 /* Debug */,
				C2031B251B2685F9002C8048 /* Release */,
			);
			defaultConfigurationIsVisible = 0;
		};
		C2031B261B2685F9002C8048 /* Build configuration list for PBXNativeTarget "calculatorTests" */ = {
			isa = XCConfigurationList;
			buildConfigurations = (
				C2031B271B2685F9002C8048 /* Debug */,
				C2031B281B2685F9002C8048 /* Release */,
			);
			defaultConfigurationIsVisible = 0;
		};
/* End XCConfigurationList section */
	};
	rootObject = C2031AFC1B2685F9002C8048 /* Project object */;
}
